version = 1
revision = 3
requires-python = "==3.10.*"

[[package]]
name = "capture-studio"
version = "0.1.0"
source = { editable = "." }
dependencies = [
    { name = "numpy" },
    { name = "torch" },
]

[package.dev-dependencies]
dev = [
    { name = "pytest" },
]

[package.metadata]
requires-dist = [
    { name = "numpy", specifier = ">=2.0,<3" },
    { name = "torch", specifier = "==2.10.0", index = "https://download.pytorch.org/whl/cu130" },
]

[package.metadata.requires-dev]
dev = [{ name = "pytest", specifier = ">=9.1.1" }]

[[package]]
name = "colorama"
version = "0.4.6"
source = { registry = "https://download.pytorch.org/whl/cu130" }
wheels = [
    { url = "https://download.pytorch.org/whl/colorama-0.4.6-py2.py3-none-any.whl", hash = "sha256:4f1d9991f5acc0ca119f9d443620b77f9d6b33703e51011c16baf57afb285fc6", upload-time = "2023-10-05T23:50:34Z" },
]

[[package]]
name = "cuda-bindings"
version = "13.0.3"
source = { registry = "https://download.pytorch.org/whl/cu130" }
dependencies = [
    { name = "cuda-pathfinder" },
]
wheels = [
    { url = "https://files.pythonhosted.org/packages/3b/98/0666ee759cd2e5306f911cbc95d2c6c814326906ed6b9c09e817a4b4a7c8/cuda_bindings-13.0.3-cp310-cp310-manylinux_2_24_aarch64.manylinux_2_28_aarch64.whl", hash = "sha256:d56e46a9e984bb754e56b9d060cf027fe99f08a97651ce6d8aa1c2032476d01e" },
    { url = "https://files.pythonhosted.org/packages/e1/36/2b2a43c8a6f8d8ff7a5ec7de1357ba3f1438ea69281c9deb90df29d55d56/cuda_bindings-13.0.3-cp310-cp310-manylinux_2_24_x86_64.manylinux_2_28_x86_64.whl", hash = "sha256:c5f797ce534a303525259be0ae7ee9cfcf4f7874b22f1f9b8e85555509dccb83" },
]

[[package]]
name = "cuda-pathfinder"
version = "1.6.0"
source = { registry = "https://download.pytorch.org/whl/cu130" }
wheels = [
    { url = "https://files.pythonhosted.org/packages/fc/b4/d088047afe39827556df21118cac9ffd20cc3f968c99a7681494d1eb333c/cuda_pathfinder-1.6.0-py3-none-any.whl", hash = "sha256:1503af579d8379c24bdd65528379bc57039b0455be9f5f9686cf8e473a1fce51" },
]

[[package]]
name = "exceptiongroup"
version = "1.3.1"
source = { registry = "https://pypi.org/simple" }
dependencies = [
    { name = "typing-extensions" },
]
sdist = { url = "https://files.pythonhosted.org/packages/50/79/66800aadf48771f6b62f7eb014e352e5d06856655206165d775e675a02c9/exceptiongroup-1.3.1.tar.gz", hash = "sha256:8b412432c6055b0b7d14c310000ae93352ed6754f70fa8f7c34141f91c4e3219", size = 30371, upload-time = "2025-11-21T23:01:54.787Z" }
wheels = [
    { url = "https://files.pythonhosted.org/packages/8a/0e/97c33bf5009bdbac74fd2beace167cab3f978feb69cc36f1ef79360d6c4e/exceptiongroup-1.3.1-py3-none-any.whl", hash = "sha256:a7a39a3bd276781e98394987d3a5701d0c4edffb633bb7a5144577f82c773598", size = 16740, upload-time = "2025-11-21T23:01:53.443Z" },
]

[[package]]
name = "filelock"
version = "3.32.3"
source = { registry = "https://download.pytorch.org/whl/cu130" }
sdist = { url = "https://files.pythonhosted.org/packages/7d/64/a02e6765de08964ed371eca577870593245afc9dfac16d037de7c10d18e6/filelock-3.32.3.tar.gz", hash = "sha256:0ffa185a3540854c95caa7fa76b76cb219d907415e2c5dc9af25fd970563487f" }
wheels = [
    { url = "https://files.pythonhosted.org/packages/a7/8e/50f46a9c0ce8d2861a394c1347caae037ea0431d2f67d7feb151cbc4649a/filelock-3.32.3-py3-none-any.whl", hash = "sha256:7f0ca4bcc0e181c60dbbd8aa9ab5b120ebb99e4e064e83636340056f833a1f09" },
]

[[package]]
name = "fsspec"
version = "2026.7.0"
source = { registry = "https://download.pytorch.org/whl/cu130" }
sdist = { url = "https://files.pythonhosted.org/packages/00/78/f34251dadb8f3921264a1d9b8946f5e542014ee2614b285261b4e40e6775/fsspec-2026.7.0.tar.gz", hash = "sha256:c803c40f4cf860b49dea58ee3e1c33cb9c790520e233537e1340049f89b82a88" }
wheels = [
    { url = "https://files.pythonhosted.org/packages/fd/3c/6a2bf344106328fd04963664a60b9bb6496fc25df8e962fcdc1367285fb9/fsspec-2026.7.0-py3-none-any.whl", hash = "sha256:b57ddbafedfaef7018c1ecab32aa200a9d7ca26b77965f64e48b70061249d279" },
]

[[package]]
name = "iniconfig"
version = "2.3.0"
source = { registry = "https://pypi.org/simple" }
sdist = { url = "https://files.pythonhosted.org/packages/72/34/14ca021ce8e5dfedc35312d08ba8bf51fdd999c576889fc2c24cb97f4f10/iniconfig-2.3.0.tar.gz", hash = "sha256:c76315c77db068650d49c5b56314774a7804df16fee4402c1f19d6d15d8c4730", size = 20503, upload-time = "2025-10-18T21:55:43.219Z" }
wheels = [
    { url = "https://files.pythonhosted.org/packages/cb/b1/3846dd7f199d53cb17f49cba7e651e9ce294d8497c8c150530ed11865bb8/iniconfig-2.3.0-py3-none-any.whl", hash = "sha256:f631c04d2c48c52b84d0d0549c99ff3859c98df65b3101406327ecc7d53fbf12", size = 7484, upload-time = "2025-10-18T21:55:41.639Z" },
]

[[package]]
name = "jinja2"
version = "3.1.6"
source = { registry = "https://download.pytorch.org/whl/cu130" }
dependencies = [
    { name = "markupsafe" },
]
wheels = [
    { url = "https://download.pytorch.org/whl/jinja2-3.1.6-py3-none-any.whl", upload-time = "2025-10-14T18:38:59Z" },
]

[[package]]
name = "markupsafe"
version = "3.0.3"
source = { registry = "https://download.pytorch.org/whl/cu130" }
wheels = [
    { url = "https://download.pytorch.org/whl/markupsafe-3.0.3-cp310-cp310-macosx_11_0_arm64.whl", upload-time = "2026-03-27T13:54:27Z" },
    { url = "https://download.pytorch.org/whl/markupsafe-3.0.3-cp310-cp310-manylinux2014_aarch64.manylinux_2_17_aarch64.manylinux_2_28_aarch64.whl", upload-time = "2026-03-27T13:54:27Z" },
    { url = "https://download.pytorch.org/whl/markupsafe-3.0.3-cp310-cp310-manylinux2014_x86_64.manylinux_2_17_x86_64.manylinux_2_28_x86_64.whl", upload-time = "2026-03-27T13:54:27Z" },
    { url = "https://download.pytorch.org/whl/markupsafe-3.0.3-cp310-cp310-win_amd64.whl", upload-time = "2026-03-27T13:54:29Z" },
]

[[package]]
name = "mpmath"
version = "1.3.0"
source = { registry = "https://download.pytorch.org/whl/cu130" }
sdist = { url = "https://files.pythonhosted.org/packages/e0/47/dd32fa426cc72114383ac549964eecb20ecfd886d1e5ccf5340b55b02f57/mpmath-1.3.0.tar.gz", hash = "sha256:7a28eb2a9774d00c7bc92411c19a89209d5da7c4c9a9e227be8330a23a25b91f" }
wheels = [
    { url = "https://files.pythonhosted.org/packages/43/e3/7d92a15f894aa0c9c4b49b8ee9ac9850d6e63b03c9c32c0367a13ae62209/mpmath-1.3.0-py3-none-any.whl", hash = "sha256:a0b2b9fe80bbcd81a6647ff13108738cfb482d481d826cc0e02f5b35e5c88d2c" },
]

[[package]]
name = "networkx"
version = "3.4.2"
source = { registry = "https://download.pytorch.org/whl/cu130" }
sdist = { url = "https://files.pythonhosted.org/packages/fd/1d/06475e1cd5264c0b870ea2cc6fdb3e37177c1e565c43f56ff17a10e3937f/networkx-3.4.2.tar.gz", hash = "sha256:307c3669428c5362aab27c8a1260aa8f47c4e91d3891f48be0141738d8d053e1" }
wheels = [
    { url = "https://files.pythonhosted.org/packages/b9/54/dd730b32ea14ea797530a4479b2ed46a6fb250f682a9cfb997e968bf0261/networkx-3.4.2-py3-none-any.whl", hash = "sha256:df5d4365b724cf81b8c6a7312509d0c22386097011ad1abe274afd5e9d3bbc5f" },
]

[[package]]
name = "numpy"
version = "2.2.6"
source = { registry = "https://download.pytorch.org/whl/cu130" }
sdist = { url = "https://files.pythonhosted.org/packages/76/21/7d2a95e4bba9dc13d043ee156a356c0a8f0c6309dff6b21b4d71a073b8a8/numpy-2.2.6.tar.gz", hash = "sha256:e29554e2bef54a90aa5cc07da6ce955accb83f21ab5de01a62c8478897b264fd" }
wheels = [
    { url = "https://files.pythonhosted.org/packages/9a/3e/ed6db5be21ce87955c0cbd3009f2803f59fa08df21b5df06862e2d8e2bdd/numpy-2.2.6-cp310-cp310-macosx_10_9_x86_64.whl", hash = "sha256:b412caa66f72040e6d268491a59f2c43bf03eb6c96dd8f0307829feb7fa2b6fb" },
    { url = "https://files.pythonhosted.org/packages/22/c2/4b9221495b2a132cc9d2eb862e21d42a009f5a60e45fc44b00118c174bff/numpy-2.2.6-cp310-cp310-macosx_11_0_arm64.whl", hash = "sha256:8e41fd67c52b86603a91c1a505ebaef50b3314de0213461c7a6e99c9a3beff90" },
    { url = "https://files.pythonhosted.org/packages/fd/77/dc2fcfc66943c6410e2bf598062f5959372735ffda175b39906d54f02349/numpy-2.2.6-cp310-cp310-macosx_14_0_arm64.whl", hash = "sha256:37e990a01ae6ec7fe7fa1c26c55ecb672dd98b19c3d0e1d1f326fa13cb38d163" },
    { url = "https://files.pythonhosted.org/packages/7a/4f/1cb5fdc353a5f5cc7feb692db9b8ec2c3d6405453f982435efc52561df58/numpy-2.2.6-cp310-cp310-macosx_14_0_x86_64.whl", hash = "sha256:5a6429d4be8ca66d889b7cf70f536a397dc45ba6faeb5f8c5427935d9592e9cf" },
    { url = "https://files.pythonhosted.org/packages/eb/17/96a3acd228cec142fcb8723bd3cc39c2a474f7dcf0a5d16731980bcafa95/numpy-2.2.6-cp310-cp310-manylinux_2_17_aarch64.manylinux2014_aarch64.whl", hash = "sha256:efd28d4e9cd7d7a8d39074a4d44c63eda73401580c5c76acda2ce969e0a38e83" },
    { url = "https://files.pythonhosted.org/packages/b4/63/3de6a34ad7ad6646ac7d2f55ebc6ad439dbbf9c4370017c50cf403fb19b5/numpy-2.2.6-cp310-cp310-manylinux_2_17_x86_64.manylinux2014_x86_64.whl", hash = "sha256:fc7b73d02efb0e18c000e9ad8b83480dfcd5dfd11065997ed4c6747470ae8915" },
    { url = "https://files.pythonhosted.org/packages/07/b6/89d837eddef52b3d0cec5c6ba0456c1bf1b9ef6a6672fc2b7873c3ec4e2e/numpy-2.2.6-cp310-cp310-musllinux_1_2_aarch64.whl", hash = "sha256:74d4531beb257d2c3f4b261bfb0fc09e0f9ebb8842d82a7b4209415896adc680" },
    { url = "https://files.pythonhosted.org/packages/01/c8/dc6ae86e3c61cfec1f178e5c9f7858584049b6093f843bca541f94120920/numpy-2.2.6-cp310-cp310-musllinux_1_2_x86_64.whl", hash = "sha256:8fc377d995680230e83241d8a96def29f204b5782f371c532579b4f20607a289" },
    { url = "https://files.pythonhosted.org/packages/5b/c5/0064b1b7e7c89137b471ccec1fd2282fceaae0ab3a9550f2568782d80357/numpy-2.2.6-cp310-cp310-win32.whl", hash = "sha256:b093dd74e50a8cba3e873868d9e93a85b78e0daf2e98c6797566ad8044e8363d" },
    { url = "https://files.pythonhosted.org/packages/a3/dd/4b822569d6b96c39d1215dbae0582fd99954dcbcf0c1a13c61783feaca3f/numpy-2.2.6-cp310-cp310-win_amd64.whl", hash = "sha256:f0fd6321b839904e15c46e0d257fdd101dd7f530fe03fd6359c1ea63738703f3" },
    { url = "https://files.pythonhosted.org/packages/9e/3b/d94a75f4dbf1ef5d321523ecac21ef23a3cd2ac8b78ae2aac40873590229/numpy-2.2.6-pp310-pypy310_pp73-macosx_10_15_x86_64.whl", hash = "sha256:0b605b275d7bd0c640cad4e5d30fa701a8d59302e127e5f79138ad62762c3e3d" },
    { url = "https://files.pythonhosted.org/packages/17/f4/09b2fa1b58f0fb4f7c7963a1649c64c4d315752240377ed74d9cd878f7b5/numpy-2.2.6-pp310-pypy310_pp73-macosx_14_0_x86_64.whl", hash = "sha256:7befc596a7dc9da8a337f79802ee8adb30a552a94f792b9c9d18c840055907db" },
    { url = "https://files.pythonhosted.org/packages/af/30/feba75f143bdc868a1cc3f44ccfa6c4b9ec522b36458e738cd00f67b573f/numpy-2.2.6-pp310-pypy310_pp73-manylinux_2_17_x86_64.manylinux2014_x86_64.whl", hash = "sha256:ce47521a4754c8f4593837384bd3424880629f718d87c5d44f8ed763edd63543" },
    { url = "https://files.pythonhosted.org/packages/37/48/ac2a9584402fb6c0cd5b5d1a91dcf176b15760130dd386bbafdbfe3640bf/numpy-2.2.6-pp310-pypy310_pp73-win_amd64.whl", hash = "sha256:d042d24c90c41b54fd506da306759e06e568864df8ec17ccc17e9e884634fd00" },
]

[[package]]
name = "nvidia-cublas"
version = "13.1.0.3"
source = { registry = "https://download.pytorch.org/whl/cu130" }
wheels = [
    { url = "https://pypi.nvidia.com/nvidia-cublas/nvidia_cublas-13.1.0.3-py3-none-manylinux_2_27_aarch64.whl", hash = "sha256:c86fc7f7ae36d7528288c5d88098edcb7b02c633d262e7ddbb86b0ad91be5df2" },
    { url = "https://pypi.nvidia.com/nvidia-cublas/nvidia_cublas-13.1.0.3-py3-none-manylinux_2_27_x86_64.whl", hash = "sha256:ee8722c1f0145ab246bccb9e452153b5e0515fd094c3678df50b2a0888b8b171" },
]

[[package]]
name = "nvidia-cuda-cupti"
version = "13.0.85"
source = { registry = "https://download.pytorch.org/whl/cu130" }
wheels = [
    { url = "https://pypi.nvidia.com/nvidia-cuda-cupti/nvidia_cuda_cupti-13.0.85-py3-none-manylinux_2_25_aarch64.whl", hash = "sha256:796bd679890ee55fb14a94629b698b6db54bcfd833d391d5e94017dd9d7d3151" },
    { url = "https://pypi.nvidia.com/nvidia-cuda-cupti/nvidia_cuda_cupti-13.0.85-py3-none-manylinux_2_25_x86_64.whl", hash = "sha256:4eb01c08e859bf924d222250d2e8f8b8ff6d3db4721288cf35d14252a4d933c8" },
]

[[package]]
name = "nvidia-cuda-nvrtc"
version = "13.0.88"
source = { registry = "https://download.pytorch.org/whl/cu130" }
wheels = [
    { url = "https://pypi.nvidia.com/nvidia-cuda-nvrtc/nvidia_cuda_nvrtc-13.0.88-py3-none-manylinux2010_x86_64.manylinux_2_12_x86_64.whl", hash = "sha256:ad9b6d2ead2435f11cbb6868809d2adeeee302e9bb94bcf0539c7a40d80e8575" },
    { url = "https://pypi.nvidia.com/nvidia-cuda-nvrtc/nvidia_cuda_nvrtc-13.0.88-py3-none-manylinux2014_aarch64.manylinux_2_17_aarch64.whl", hash = "sha256:d27f20a0ca67a4bb34268a5e951033496c5b74870b868bacd046b1b8e0c3267b" },
]

[[package]]
name = "nvidia-cuda-runtime"
version = "13.0.96"
source = { registry = "https://download.pytorch.org/whl/cu130" }
wheels = [
    { url = "https://pypi.nvidia.com/nvidia-cuda-runtime/nvidia_cuda_runtime-13.0.96-py3-none-manylinux2014_aarch64.manylinux_2_17_aarch64.whl", hash = "sha256:ef9bcbe90493a2b9d810e43d249adb3d02e98dd30200d86607d8d02687c43f55" },
    { url = "https://pypi.nvidia.com/nvidia-cuda-runtime/nvidia_cuda_runtime-13.0.96-py3-none-manylinux2014_x86_64.manylinux_2_17_x86_64.whl", hash = "sha256:7f82250d7782aa23b6cfe765ecc7db554bd3c2870c43f3d1821f1d18aebf0548" },
]

[[package]]
name = "nvidia-cudnn-cu13"
version = "9.15.1.9"
source = { registry = "https://download.pytorch.org/whl/cu130" }
dependencies = [
    { name = "nvidia-cublas" },
]
wheels = [
    { url = "https://pypi.nvidia.com/nvidia-cudnn-cu13/nvidia_cudnn_cu13-9.15.1.9-py3-none-manylinux_2_27_aarch64.whl", hash = "sha256:44cd2ec83c3ef62a7357614bd02ce7f3dac35ffcbb04ad20999e730741f0ba17" },
    { url = "https://pypi.nvidia.com/nvidia-cudnn-cu13/nvidia_cudnn_cu13-9.15.1.9-py3-none-manylinux_2_27_x86_64.whl", hash = "sha256:ebc9a647918df0d7298d67cfaf41579fd4c78ead9aba246f5ad9414d61b9ec4c" },
]

[[package]]
name = "nvidia-cufft"
version = "12.0.0.61"
source = { registry = "https://download.pytorch.org/whl/cu130" }
dependencies = [
    { name = "nvidia-nvjitlink" },
]
wheels = [
    { url = "https://pypi.nvidia.com/nvidia-cufft/nvidia_cufft-12.0.0.61-py3-none-manylinux2014_aarch64.manylinux_2_17_aarch64.whl", hash = "sha256:2708c852ef8cd89d1d2068bdbece0aa188813a0c934db3779b9b1faa8442e5f5" },
    { url = "https://pypi.nvidia.com/nvidia-cufft/nvidia_cufft-12.0.0.61-py3-none-manylinux2014_x86_64.manylinux_2_17_x86_64.whl", hash = "sha256:6c44f692dce8fd5ffd3e3df134b6cdb9c2f72d99cf40b62c32dde45eea9ddad3" },
]

[[package]]
name = "nvidia-cufile"
version = "1.15.1.6"
source = { registry = "https://download.pytorch.org/whl/cu130" }
wheels = [
    { url = "https://pypi.nvidia.com/nvidia-cufile/nvidia_cufile-1.15.1.6-py3-none-manylinux2014_x86_64.manylinux_2_17_x86_64.whl", hash = "sha256:08a3ecefae5a01c7f5117351c64f17c7c62efa5fffdbe24fc7d298da19cd0b44" },
    { url = "https://pypi.nvidia.com/nvidia-cufile/nvidia_cufile-1.15.1.6-py3-none-manylinux_2_27_aarch64.whl", hash = "sha256:bdc0deedc61f548bddf7733bdc216456c2fdb101d020e1ab4b88d232d5e2f6d1" },
]

[[package]]
name = "nvidia-curand"
version = "10.4.0.35"
source = { registry = "https://download.pytorch.org/whl/cu130" }
wheels = [
    { url = "https://pypi.nvidia.com/nvidia-curand/nvidia_curand-10.4.0.35-py3-none-manylinux_2_27_aarch64.whl", hash = "sha256:133df5a7509c3e292aaa2b477afd0194f06ce4ea24d714d616ff36439cee349a" },
    { url = "https://pypi.nvidia.com/nvidia-curand/nvidia_curand-10.4.0.35-py3-none-manylinux_2_27_x86_64.whl", hash = "sha256:1aee33a5da6e1db083fe2b90082def8915f30f3248d5896bcec36a579d941bfc" },
]

[[package]]
name = "nvidia-cusolver"
version = "12.0.4.66"
source = { registry = "https://download.pytorch.org/whl/cu130" }
dependencies = [
    { name = "nvidia-cublas" },
    { name = "nvidia-cusparse" },
    { name = "nvidia-nvjitlink" },
]
wheels = [
    { url = "https://pypi.nvidia.com/nvidia-cusolver/nvidia_cusolver-12.0.4.66-py3-none-manylinux_2_27_aarch64.whl", hash = "sha256:02c2457eaa9e39de20f880f4bd8820e6a1cfb9f9a34f820eb12a155aa5bc92d2" },
    { url = "https://pypi.nvidia.com/nvidia-cusolver/nvidia_cusolver-12.0.4.66-py3-none-manylinux_2_27_x86_64.whl", hash = "sha256:0a759da5dea5c0ea10fd307de75cdeb59e7ea4fcb8add0924859b944babf1112" },
]

[[package]]
name = "nvidia-cusparse"
version = "12.6.3.3"
source = { registry = "https://download.pytorch.org/whl/cu130" }
dependencies = [
    { name = "nvidia-nvjitlink" },
]
wheels = [
    { url = "https://pypi.nvidia.com/nvidia-cusparse/nvidia_cusparse-12.6.3.3-py3-none-manylinux2014_aarch64.manylinux_2_17_aarch64.whl", hash = "sha256:80bcc4662f23f1054ee334a15c72b8940402975e0eab63178fc7e670aa59472c" },
    { url = "https://pypi.nvidia.com/nvidia-cusparse/nvidia_cusparse-12.6.3.3-py3-none-manylinux2014_x86_64.manylinux_2_17_x86_64.whl", hash = "sha256:2b3c89c88d01ee0e477cb7f82ef60a11a4bcd57b6b87c33f789350b59759360b" },
]

[[package]]
name = "nvidia-cusparselt-cu13"
version = "0.8.0"
source = { registry = "https://download.pytorch.org/whl/cu130" }
wheels = [
    { url = "https://pypi.nvidia.com/nvidia-cusparselt-cu13/nvidia_cusparselt_cu13-0.8.0-py3-none-manylinux2014_aarch64.whl", hash = "sha256:400c6ed1cf6780fc6efedd64ec9f1345871767e6a1a0a552a1ea0578117ea77c" },
    { url = "https://pypi.nvidia.com/nvidia-cusparselt-cu13/nvidia_cusparselt_cu13-0.8.0-py3-none-manylinux2014_x86_64.whl", hash = "sha256:25e30a8a7323935d4ad0340b95a0b69926eee755767e8e0b1cf8dd85b197d3fd" },
]

[[package]]
name = "nvidia-nccl-cu13"
version = "2.28.9"
source = { registry = "https://download.pytorch.org/whl/cu130" }
wheels = [
    { url = "https://pypi.nvidia.com/nvidia-nccl-cu13/nvidia_nccl_cu13-2.28.9-py3-none-manylinux_2_18_aarch64.whl", hash = "sha256:01c873ba1626b54caa12272ed228dc5b2781545e0ae8ba3f432a8ef1c6d78643" },
    { url = "https://pypi.nvidia.com/nvidia-nccl-cu13/nvidia_nccl_cu13-2.28.9-py3-none-manylinux_2_18_x86_64.whl", hash = "sha256:e4553a30f34195f3fa1da02a6da3d6337d28f2003943aa0a3d247bbc25fefc42" },
]

[[package]]
name = "nvidia-nvjitlink"
version = "13.0.88"
source = { registry = "https://download.pytorch.org/whl/cu130" }
wheels = [
    { url = "https://pypi.nvidia.com/nvidia-nvjitlink/nvidia_nvjitlink-13.0.88-py3-none-manylinux2010_x86_64.manylinux_2_12_x86_64.whl", hash = "sha256:13a74f429e23b921c1109976abefacc69835f2f433ebd323d3946e11d804e47b" },
    { url = "https://pypi.nvidia.com/nvidia-nvjitlink/nvidia_nvjitlink-13.0.88-py3-none-manylinux2014_aarch64.manylinux_2_17_aarch64.whl", hash = "sha256:e931536ccc7d467a98ba1d8b89ff7fa7f1fa3b13f2b0069118cd7f47bff07d0c" },
]

[[package]]
name = "nvidia-nvshmem-cu13"
version = "3.4.5"
source = { registry = "https://download.pytorch.org/whl/cu130" }
wheels = [
    { url = "https://pypi.nvidia.com/nvidia-nvshmem-cu13/nvidia_nvshmem_cu13-3.4.5-py3-none-manylinux2014_aarch64.manylinux_2_17_aarch64.whl", hash = "sha256:6dc2a197f38e5d0376ad52cd1a2a3617d3cdc150fd5966f4aee9bcebb1d68fe9" },
    { url = "https://pypi.nvidia.com/nvidia-nvshmem-cu13/nvidia_nvshmem_cu13-3.4.5-py3-none-manylinux2014_x86_64.manylinux_2_17_x86_64.whl", hash = "sha256:290f0a2ee94c9f3687a02502f3b9299a9f9fe826e6d0287ee18482e78d495b80" },
]

[[package]]
name = "nvidia-nvtx"
version = "13.0.85"
source = { registry = "https://download.pytorch.org/whl/cu130" }
wheels = [
    { url = "https://pypi.nvidia.com/nvidia-nvtx/nvidia_nvtx-13.0.85-py3-none-manylinux1_x86_64.manylinux_2_5_x86_64.whl", hash = "sha256:4936d1d6780fbe68db454f5e72a42ff64d1fd6397df9f363ae786930fd5c1cd4" },
    { url = "https://pypi.nvidia.com/nvidia-nvtx/nvidia_nvtx-13.0.85-py3-none-manylinux2014_aarch64.manylinux_2_17_aarch64.whl", hash = "sha256:cb7780edb6b14107373c835bf8b72e7a178bac7367e23da7acb108f973f157a6" },
]

[[package]]
name = "packaging"
version = "24.1"
source = { registry = "https://download.pytorch.org/whl/cu130" }
wheels = [
    { url = "https://download.pytorch.org/whl/packaging-24.1-py3-none-any.whl", hash = "sha256:5b8f2217dbdbd2f7f384c41c628544e6d52f2d0f53c6d0c3ea61aa5d1d7ff124", upload-time = "2024-10-29T23:48:01Z" },
]

[[package]]
name = "pluggy"
version = "1.6.0"
source = { registry = "https://pypi.org/simple" }
sdist = { url = "https://files.pythonhosted.org/packages/f9/e2/3e91f31a7d2b083fe6ef3fa267035b518369d9511ffab804f839851d2779/pluggy-1.6.0.tar.gz", hash = "sha256:7dcc130b76258d33b90f61b658791dede3486c3e6bfb003ee5c9bfb396dd22f3", size = 69412, upload-time = "2025-05-15T12:30:07.975Z" }
wheels = [
    { url = "https://files.pythonhosted.org/packages/54/20/4d324d65cc6d9205fabedc306948156824eb9f0ee1633355a8f7ec5c66bf/pluggy-1.6.0-py3-none-any.whl", hash = "sha256:e920276dd6813095e9377c0bc5566d94c932c33b27a3e3945d8389c374dd4746", size = 20538, upload-time = "2025-05-15T12:30:06.134Z" },
]

[[package]]
name = "pygments"
version = "2.21.0"
source = { registry = "https://pypi.org/simple" }
sdist = { url = "https://files.pythonhosted.org/packages/49/2e/ced460408999b33da6b31b0021b0f37d329e202d4169aeb164493778f25b/pygments-2.21.0.tar.gz", hash = "sha256:610ca751c9bc2492b38eb9a38a7fbc93edbbb2d7182edaf34e66ae493dee5c8c", size = 5005329, upload-time = "2026-08-17T08:02:48.824Z" }
wheels = [
    { url = "https://files.pythonhosted.org/packages/71/46/17f022dd3e953bf20a04a028a21ec746d942f8d2af30fa0f124fa0e6a684/pygments-2.21.0-py3-none-any.whl", hash = "sha256:2363c69b61c4a97c838da3b130dcd6468f4848992b21a82f2a63ec34377137d9", size = 1250147, upload-time = "2026-08-17T08:02:44.912Z" },
]

[[package]]
name = "pytest"
version = "9.1.1"
source = { registry = "https://pypi.org/simple" }
dependencies = [
    { name = "colorama", marker = "sys_platform == 'win32'" },
    { name = "exceptiongroup" },
    { name = "iniconfig" },
    { name = "packaging" },
    { name = "pluggy" },
    { name = "pygments" },
    { name = "tomli" },
]
sdist = { url = "https://files.pythonhosted.org/packages/e4/47/b9efed96c114afcfa3c9d3fe98a76a1d14c74a9e266d397cf6eb64be5e01/pytest-9.1.1.tar.gz", hash = "sha256:1088fbde8f2b49d95a549a195707afa7a76a3ce9bcadc26b6d71f0ffda5fe313", size = 1636369, upload-time = "2026-06-19T10:58:32.857Z" }
wheels = [
    { url = "https://files.pythonhosted.org/packages/24/25/1de2678b631f5a49215c6c96fff41ba892b0a34df68d6d80292b1b48aa7f/pytest-9.1.1-py3-none-any.whl", hash = "sha256:37a86b45efb9a47a61a36449063e8e18d0cab3161329fc099eb21783169c4f0c", size = 386536, upload-time = "2026-06-19T10:58:31.347Z" },
]

[[package]]
name = "sympy"
version = "1.14.0"
source = { registry = "https://download.pytorch.org/whl/cu130" }
dependencies = [
    { name = "mpmath" },
]
sdist = { url = "https://files.pythonhosted.org/packages/83/d3/803453b36afefb7c2bb238361cd4ae6125a569b4db67cd9e79846ba2d68c/sympy-1.14.0.tar.gz", hash = "sha256:d3d3fe8df1e5a0b42f0e7bdf50541697dbe7d23746e894990c030e2b05e72517" }
wheels = [
    { url = "https://files.pythonhosted.org/packages/a2/09/77d55d46fd61b4a135c444fc97158ef34a095e5681d0a6c10b75bf356191/sympy-1.14.0-py3-none-any.whl", hash = "sha256:e091cc3e99d2141a0ba2847328f5479b05d94a6635cb96148ccb3f34671bd8f5" },
]

[[package]]
name = "tomli"
version = "2.4.1"
source = { registry = "https://pypi.org/simple" }
sdist = { url = "https://files.pythonhosted.org/packages/22/de/48c59722572767841493b26183a0d1cc411d54fd759c5607c4590b6563a6/tomli-2.4.1.tar.gz", hash = "sha256:7c7e1a961a0b2f2472c1ac5b69affa0ae1132c39adcb67aba98568702b9cc23f", size = 17543, upload-time = "2026-03-25T20:22:03.828Z" }
wheels = [
    { url = "https://files.pythonhosted.org/packages/7b/61/cceae43728b7de99d9b847560c262873a1f6c98202171fd5ed62640b494b/tomli-2.4.1-py3-none-any.whl", hash = "sha256:0d85819802132122da43cb86656f8d1f8c6587d54ae7dcaf30e90533028b49fe", size = 14583, upload-time = "2026-03-25T20:22:03.012Z" },
]

[[package]]
name = "torch"
version = "2.10.0+cu130"
source = { registry = "https://download.pytorch.org/whl/cu130" }
dependencies = [
    { name = "cuda-bindings", marker = "sys_platform == 'linux'" },
    { name = "filelock" },
    { name = "fsspec" },
    { name = "jinja2" },
    { name = "networkx" },
    { name = "nvidia-cublas", marker = "sys_platform == 'linux'" },
    { name = "nvidia-cuda-cupti", marker = "sys_platform == 'linux'" },
    { name = "nvidia-cuda-nvrtc", marker = "sys_platform == 'linux'" },
    { name = "nvidia-cuda-runtime", marker = "sys_platform == 'linux'" },
    { name = "nvidia-cudnn-cu13", marker = "sys_platform == 'linux'" },
    { name = "nvidia-cufft", marker = "sys_platform == 'linux'" },
    { name = "nvidia-cufile", marker = "sys_platform == 'linux'" },
    { name = "nvidia-curand", marker = "sys_platform == 'linux'" },
    { name = "nvidia-cusolver", marker = "sys_platform == 'linux'" },
    { name = "nvidia-cusparse", marker = "sys_platform == 'linux'" },
    { name = "nvidia-cusparselt-cu13", marker = "sys_platform == 'linux'" },
    { name = "nvidia-nccl-cu13", marker = "sys_platform == 'linux'" },
    { name = "nvidia-nvjitlink", marker = "sys_platform == 'linux'" },
    { name = "nvidia-nvshmem-cu13", marker = "sys_platform == 'linux'" },
    { name = "nvidia-nvtx", marker = "sys_platform == 'linux'" },
    { name = "sympy" },
    { name = "triton", marker = "sys_platform == 'linux'" },
    { name = "typing-extensions" },
]
wheels = [
    { url = "https://download-r2.pytorch.org/whl/cu130/torch-2.10.0%2Bcu130-cp310-cp310-manylinux_2_28_aarch64.whl", hash = "sha256:adfb2bca94f12a5baca6ccf9aa40d6c5b1259748ebb38938be670b07a24d4e15", upload-time = "2026-01-21T19:02:02Z" },
    { url = "https://download-r2.pytorch.org/whl/cu130/torch-2.10.0%2Bcu130-cp310-cp310-manylinux_2_28_x86_64.whl", hash = "sha256:0f8566d1b3d8353b7f18d5a15375a00dae89d886bb7d01143bb394f475832286", upload-time = "2026-01-21T19:02:47Z" },
    { url = "https://download-r2.pytorch.org/whl/cu130/torch-2.10.0%2Bcu130-cp310-cp310-win_amd64.whl", hash = "sha256:0de43ec229a78a2e80ae8578252f9eb14f898457d1cf2be81c8c91a4108c6c79", upload-time = "2026-01-21T19:00:26Z" },
]

[[package]]
name = "triton"
version = "3.6.0"
source = { registry = "https://download.pytorch.org/whl/cu130" }
wheels = [
    { url = "https://download-r2.pytorch.org/whl/triton-3.6.0-cp310-cp310-manylinux_2_27_aarch64.manylinux_2_28_aarch64.whl", hash = "sha256:a2d0b7b9b4f29ade31cf7bd7c237b50d270a2487cf943d034b307a9b3f73d9c7", upload-time = "2026-01-22T23:13:01Z" },
    { url = "https://download-r2.pytorch.org/whl/triton-3.6.0-cp310-cp310-manylinux_2_27_x86_64.manylinux_2_28_x86_64.whl", hash = "sha256:72d6b3eeaa13444ca29ba65d55fc57b6411373a2b8e619f63ae5962d3d9ea249", upload-time = "2026-01-22T23:13:08Z" },
]

[[package]]
name = "typing-extensions"
version = "4.16.0"
source = { registry = "https://download.pytorch.org/whl/cu130" }
sdist = { url = "https://files.pythonhosted.org/packages/f6/cc/6253133b5bb138fc3306cebfbda2c520f545d36b5be2c7255cc528bb45d6/typing_extensions-4.16.0.tar.gz", hash = "sha256:dc983d19a509c94dba722ee6abd33940f7c05a89e243c47e907eb4db6f1a43e5" }
wheels = [
    { url = "https://files.pythonhosted.org/packages/49/d3/b8441a820a491ddfc024b0b0cf0393375b75ea13866d9c66727e54c2fc80/typing_extensions-4.16.0-py3-none-any.whl", hash = "sha256:481caa481374e813c1b176ada14e97f1f67a4539ce9cfeb3f350d78d6370c2e8" },
]
